
Microsoft Visual Studio Solution File, Format Version 12.00
# Visual Studio Version 16
VisualStudioVersion = 16.0.29403.142
MinimumVisualStudioVersion = 10.0.40219.1
Project("{FAE04EC0-301F-11D3-BF4B-00C04F79EFBC}") = "TestProg", "TestProg\TestProg.csproj", "{DA17FD01-39C0-44F4-B9DE-1EF64FC67257}"
EndProject
Global
	GlobalSection(SolutionConfigurationPlatforms) = preSolution
		Debug|Any CPU = Debug|Any CPU
		Release|Any CPU = Release|Any CPU
	EndGlobalSection
	GlobalSection(ProjectConfigurationPlatforms) = postSolution
		{DA17FD01-39C0-44F4-B9DE-1EF64FC67257}.Debug|Any CPU.ActiveCfg = Debug|Any CPU
		{DA17FD01-39C0-44F4-B9DE-1EF64FC67257}.Debug|Any CPU.Build.0 = Debug|Any CPU
		{DA17FD01-39C0-44F4-B9DE-1EF64FC67257}.Release|Any CPU.ActiveCfg = Release|Any CPU
		{DA17FD01-39C0-44F4-B9DE-1EF64FC67257}.Release|Any CPU.Build.0 = Release|Any CPU
	EndGlobalSection
	GlobalSection(SolutionProperties) = preSolution
		HideSolutionNode = FALSE
	EndGlobalSection
	GlobalSection(ExtensibilityGlobals) = postSolution
		SolutionGuid = {84C2A8D1-614A-4016-AF79-61616519D494}
	EndGlobalSection
EndGlobal
